version = 1
revision = 1
requires-python = "==3.11.*"

[[package]]
name = "airflow-hydrosat-pdqueiros"
version = "0.0.1"
source = { editable = "." }
dependencies = [
    { name = "boto3" },
    { name = "numpy" },
    { name = "pydantic" },
    { name = "retry" },
    { name = "ruff" },
    { name = "shapely" },
    { name = "uuid6" },
]

[package.metadata]
requires-dist = [
    { name = "boto3" },
    { name = "numpy" },
    { name = "pydantic" },
    { name = "retry" },
    { name = "ruff" },
    { name = "shapely" },
    { name = "uuid6" },
]

[[package]]
name = "annotated-types"
version = "0.7.0"
source = { registry = "https://pypi.org/simple" }
sdist = { url = "https://files.pythonhosted.org/packages/ee/67/531ea369ba64dcff5ec9c3402f9f51bf748cec26dde048a2f973a4eea7f5/annotated_types-0.7.0.tar.gz", hash = "sha256:aff07c09a53a08bc8cfccb9c85b05f1aa9a2a6f23728d790723543408344ce89", size = 16081 }
wheels = [
    { url = "https://files.pythonhosted.org/packages/78/b6/6307fbef88d9b5ee7421e68d78a9f162e0da4900bc5f5793f6d3d0e34fb8/annotated_types-0.7.0-py3-none-any.whl", hash = "sha256:1f02e8b43a8fbbc3f3e0d4f0f4bfc8131bcb4eebe8849b8e5c773f3a1c582a53", size = 13643 },
]

[[package]]
name = "boto3"
version = "1.42.34"
source = { registry = "https://pypi.org/simple" }
dependencies = [
    { name = "botocore" },
    { name = "jmespath" },
    { name = "s3transfer" },
]
sdist = { url = "https://files.pythonhosted.org/packages/d0/69/c0d4cc77add3cdf66f8573555d71dc23ba32dfe77df40e1c91385f7a9bdc/boto3-1.42.34.tar.gz", hash = "sha256:75d7443c81a029283442fad138629be1eefaa3e6d430c28118a0f4cdbd57855d", size = 112876 }
wheels = [
    { url = "https://files.pythonhosted.org/packages/b8/55/25c543864abc270f5fdd7814fa7b69fd23de1c40fb3d7993f4b6391f8d3b/boto3-1.42.34-py3-none-any.whl", hash = "sha256:db3fb539e3f806b911ec4ca991f2f8bff333c5f0b87132a82e28b521fc5ec164", size = 140574 },
]

[[package]]
name = "botocore"
version = "1.42.34"
source = { registry = "https://pypi.org/simple" }
dependencies = [
    { name = "jmespath" },
    { name = "python-dateutil" },
    { name = "urllib3" },
]
sdist = { url = "https://files.pythonhosted.org/packages/fd/f0/5702b704844e8920e01ce865cde0da574827163fbd7c0207d351ff6eea2c/botocore-1.42.34.tar.gz", hash = "sha256:92e44747da7890270d8dcc494ecc61fc315438440c55e00dc37a57d402b1bb66", size = 14907713 }
wheels = [
    { url = "https://files.pythonhosted.org/packages/29/99/226fb4b2d141d7ac59465e3cdd2ca3a9a2917d85e1a3160884a78b097bbb/botocore-1.42.34-py3-none-any.whl", hash = "sha256:94099b5d09d0c4bfa6414fb3cffd54275ce6e51d7ba016f17a0e79f9274f68f7", size = 14579956 },
]

[[package]]
name = "decorator"
version = "5.2.1"
source = { registry = "https://pypi.org/simple" }
sdist = { url = "https://files.pythonhosted.org/packages/43/fa/6d96a0978d19e17b68d634497769987b16c8f4cd0a7a05048bec693caa6b/decorator-5.2.1.tar.gz", hash = "sha256:65f266143752f734b0a7cc83c46f4618af75b8c5911b00ccb61d0ac9b6da0360", size = 56711 }
wheels = [
    { url = "https://files.pythonhosted.org/packages/4e/8c/f3147f5c4b73e7550fe5f9352eaa956ae838d5c51eb58e7a25b9f3e2643b/decorator-5.2.1-py3-none-any.whl", hash = "sha256:d316bb415a2d9e2d2b3abcc4084c6502fc09240e292cd76a76afc106a1c8e04a", size = 9190 },
]

[[package]]
name = "jmespath"
version = "1.1.0"
source = { registry = "https://pypi.org/simple" }
sdist = { url = "https://files.pythonhosted.org/packages/d3/59/322338183ecda247fb5d1763a6cbe46eff7222eaeebafd9fa65d4bf5cb11/jmespath-1.1.0.tar.gz", hash = "sha256:472c87d80f36026ae83c6ddd0f1d05d4e510134ed462851fd5f754c8c3cbb88d", size = 27377 }
wheels = [
    { url = "https://files.pythonhosted.org/packages/14/2f/967ba146e6d58cf6a652da73885f52fc68001525b4197effc174321d70b4/jmespath-1.1.0-py3-none-any.whl", hash = "sha256:a5663118de4908c91729bea0acadca56526eb2698e83de10cd116ae0f4e97c64", size = 20419 },
]

[[package]]
name = "numpy"
version = "2.4.1"
source = { registry = "https://pypi.org/simple" }
sdist = { url = "https://files.pythonhosted.org/packages/24/62/ae72ff66c0f1fd959925b4c11f8c2dea61f47f6acaea75a08512cdfe3fed/numpy-2.4.1.tar.gz", hash = "sha256:a1ceafc5042451a858231588a104093474c6a5c57dcc724841f5c888d237d690", size = 20721320 }
wheels = [
    { url = "https://files.pythonhosted.org/packages/a5/34/2b1bc18424f3ad9af577f6ce23600319968a70575bd7db31ce66731bbef9/numpy-2.4.1-cp311-cp311-macosx_10_9_x86_64.whl", hash = "sha256:0cce2a669e3c8ba02ee563c7835f92c153cf02edff1ae05e1823f1dde21b16a5", size = 16944563 },
    { url = "https://files.pythonhosted.org/packages/2c/57/26e5f97d075aef3794045a6ca9eada6a4ed70eb9a40e7a4a93f9ac80d704/numpy-2.4.1-cp311-cp311-macosx_11_0_arm64.whl", hash = "sha256:899d2c18024984814ac7e83f8f49d8e8180e2fbe1b2e252f2e7f1d06bea92425", size = 12645658 },
    { url = "https://files.pythonhosted.org/packages/8e/ba/80fc0b1e3cb2fd5c6143f00f42eb67762aa043eaa05ca924ecc3222a7849/numpy-2.4.1-cp311-cp311-macosx_14_0_arm64.whl", hash = "sha256:09aa8a87e45b55a1c2c205d42e2808849ece5c484b2aab11fecabec3841cafba", size = 5474132 },
    { url = "https://files.pythonhosted.org/packages/40/ae/0a5b9a397f0e865ec171187c78d9b57e5588afc439a04ba9cab1ebb2c945/numpy-2.4.1-cp311-cp311-macosx_14_0_x86_64.whl", hash = "sha256:edee228f76ee2dab4579fad6f51f6a305de09d444280109e0f75df247ff21501", size = 6804159 },
    { url = "https://files.pythonhosted.org/packages/86/9c/841c15e691c7085caa6fd162f063eff494099c8327aeccd509d1ab1e36ab/numpy-2.4.1-cp311-cp311-manylinux_2_27_aarch64.manylinux_2_28_aarch64.whl", hash = "sha256:a92f227dbcdc9e4c3e193add1a189a9909947d4f8504c576f4a732fd0b54240a", size = 14708058 },
    { url = "https://files.pythonhosted.org/packages/5d/9d/7862db06743f489e6a502a3b93136d73aea27d97b2cf91504f70a27501d6/numpy-2.4.1-cp311-cp311-manylinux_2_27_x86_64.manylinux_2_28_x86_64.whl", hash = "sha256:538bf4ec353709c765ff75ae616c34d3c3dca1a68312727e8f2676ea644f8509", size = 16651501 },
    { url = "https://files.pythonhosted.org/packages/a6/9c/6fc34ebcbd4015c6e5f0c0ce38264010ce8a546cb6beacb457b84a75dfc8/numpy-2.4.1-cp311-cp311-musllinux_1_2_aarch64.whl", hash = "sha256:ac08c63cb7779b85e9d5318e6c3518b424bc1f364ac4cb2c6136f12e5ff2dccc", size = 16492627 },
    { url = "https://files.pythonhosted.org/packages/aa/63/2494a8597502dacda439f61b3c0db4da59928150e62be0e99395c3ad23c5/numpy-2.4.1-cp311-cp311-musllinux_1_2_x86_64.whl", hash = "sha256:4f9c360ecef085e5841c539a9a12b883dff005fbd7ce46722f5e9cef52634d82", size = 18585052 },
    { url = "https://files.pythonhosted.org/packages/6a/93/098e1162ae7522fc9b618d6272b77404c4656c72432ecee3abc029aa3de0/numpy-2.4.1-cp311-cp311-win32.whl", hash = "sha256:0f118ce6b972080ba0758c6087c3617b5ba243d806268623dc34216d69099ba0", size = 6236575 },
    { url = "https://files.pythonhosted.org/packages/8c/de/f5e79650d23d9e12f38a7bc6b03ea0835b9575494f8ec94c11c6e773b1b1/numpy-2.4.1-cp311-cp311-win_amd64.whl", hash = "sha256:18e14c4d09d55eef39a6ab5b08406e84bc6869c1e34eef45564804f90b7e0574", size = 12604479 },
    { url = "https://files.pythonhosted.org/packages/dd/65/e1097a7047cff12ce3369bd003811516b20ba1078dbdec135e1cd7c16c56/numpy-2.4.1-cp311-cp311-win_arm64.whl", hash = "sha256:6461de5113088b399d655d45c3897fa188766415d0f568f175ab071c8873bd73", size = 10578325 },
    { url = "https://files.pythonhosted.org/packages/1e/48/d86f97919e79314a1cdee4c832178763e6e98e623e123d0bada19e92c15a/numpy-2.4.1-pp311-pypy311_pp73-macosx_10_15_x86_64.whl", hash = "sha256:8ad35f20be147a204e28b6a0575fbf3540c5e5f802634d4258d55b1ff5facce1", size = 16822202 },
    { url = "https://files.pythonhosted.org/packages/51/e9/1e62a7f77e0f37dcfb0ad6a9744e65df00242b6ea37dfafb55debcbf5b55/numpy-2.4.1-pp311-pypy311_pp73-macosx_11_0_arm64.whl", hash = "sha256:8097529164c0f3e32bb89412a0905d9100bf434d9692d9fc275e18dcf53c9344", size = 12569985 },
    { url = "https://files.pythonhosted.org/packages/c7/7e/914d54f0c801342306fdcdce3e994a56476f1b818c46c47fc21ae968088c/numpy-2.4.1-pp311-pypy311_pp73-macosx_14_0_arm64.whl", hash = "sha256:ea66d2b41ca4a1630aae5507ee0a71647d3124d1741980138aa8f28f44dac36e", size = 5398484 },
    { url = "https://files.pythonhosted.org/packages/1c/d8/9570b68584e293a33474e7b5a77ca404f1dcc655e40050a600dee81d27fb/numpy-2.4.1-pp311-pypy311_pp73-macosx_14_0_x86_64.whl", hash = "sha256:d3f8f0df9f4b8be57b3bf74a1d087fec68f927a2fab68231fdb442bf2c12e426", size = 6713216 },
    { url = "https://files.pythonhosted.org/packages/33/9b/9dd6e2db8d49eb24f86acaaa5258e5f4c8ed38209a4ee9de2d1a0ca25045/numpy-2.4.1-pp311-pypy311_pp73-manylinux_2_27_aarch64.manylinux_2_28_aarch64.whl", hash = "sha256:2023ef86243690c2791fd6353e5b4848eedaa88ca8a2d129f462049f6d484696", size = 14538937 },
    { url = "https://files.pythonhosted.org/packages/53/87/d5bd995b0f798a37105b876350d346eea5838bd8f77ea3d7a48392f3812b/numpy-2.4.1-pp311-pypy311_pp73-manylinux_2_27_x86_64.manylinux_2_28_x86_64.whl", hash = "sha256:8361ea4220d763e54cff2fbe7d8c93526b744f7cd9ddab47afeff7e14e8503be", size = 16479830 },
    { url = "https://files.pythonhosted.org/packages/5b/c7/b801bf98514b6ae6475e941ac05c58e6411dd863ea92916bfd6d510b08c1/numpy-2.4.1-pp311-pypy311_pp73-win_amd64.whl", hash = "sha256:4f1b68ff47680c2925f8063402a693ede215f0257f02596b1318ecdfb1d79e33", size = 12492579 },
]

[[package]]
name = "py"
version = "1.11.0"
source = { registry = "https://pypi.org/simple" }
sdist = { url = "https://files.pythonhosted.org/packages/98/ff/fec109ceb715d2a6b4c4a85a61af3b40c723a961e8828319fbcb15b868dc/py-1.11.0.tar.gz", hash = "sha256:51c75c4126074b472f746a24399ad32f6053d1b34b68d2fa41e558e6f4a98719", size = 207796 }
wheels = [
    { url = "https://files.pythonhosted.org/packages/f6/f0/10642828a8dfb741e5f3fbaac830550a518a775c7fff6f04a007259b0548/py-1.11.0-py2.py3-none-any.whl", hash = "sha256:607c53218732647dff4acdfcd50cb62615cedf612e72d1724fb1a0cc6405b378", size = 98708 },
]

[[package]]
name = "pydantic"
version = "2.12.5"
source = { registry = "https://pypi.org/simple" }
dependencies = [
    { name = "annotated-types" },
    { name = "pydantic-core" },
    { name = "typing-extensions" },
    { name = "typing-inspection" },
]
sdist = { url = "https://files.pythonhosted.org/packages/69/44/36f1a6e523abc58ae5f928898e4aca2e0ea509b5aa6f6f392a5d882be928/pydantic-2.12.5.tar.gz", hash = "sha256:4d351024c75c0f085a9febbb665ce8c0c6ec5d30e903bdb6394b7ede26aebb49", size = 821591 }
wheels = [
    { url = "https://files.pythonhosted.org/packages/5a/87/b70ad306ebb6f9b585f114d0ac2137d792b48be34d732d60e597c2f8465a/pydantic-2.12.5-py3-none-any.whl", hash = "sha256:e561593fccf61e8a20fc46dfc2dfe075b8be7d0188df33f221ad1f0139180f9d", size = 463580 },
]

[[package]]
name = "pydantic-core"
version = "2.41.5"
source = { registry = "https://pypi.org/simple" }
dependencies = [
    { name = "typing-extensions" },
]
sdist = { url = "https://files.pythonhosted.org/packages/71/70/23b021c950c2addd24ec408e9ab05d59b035b39d97cdc1130e1bce647bb6/pydantic_core-2.41.5.tar.gz", hash = "sha256:08daa51ea16ad373ffd5e7606252cc32f07bc72b28284b6bc9c6df804816476e", size = 460952 }
wheels = [
    { url = "https://files.pythonhosted.org/packages/e8/72/74a989dd9f2084b3d9530b0915fdda64ac48831c30dbf7c72a41a5232db8/pydantic_core-2.41.5-cp311-cp311-macosx_10_12_x86_64.whl", hash = "sha256:a3a52f6156e73e7ccb0f8cced536adccb7042be67cb45f9562e12b319c119da6", size = 2105873 },
    { url = "https://files.pythonhosted.org/packages/12/44/37e403fd9455708b3b942949e1d7febc02167662bf1a7da5b78ee1ea2842/pydantic_core-2.41.5-cp311-cp311-macosx_11_0_arm64.whl", hash = "sha256:7f3bf998340c6d4b0c9a2f02d6a400e51f123b59565d74dc60d252ce888c260b", size = 1899826 },
    { url = "https://files.pythonhosted.org/packages/33/7f/1d5cab3ccf44c1935a359d51a8a2a9e1a654b744b5e7f80d41b88d501eec/pydantic_core-2.41.5-cp311-cp311-manylinux_2_17_aarch64.manylinux2014_aarch64.whl", hash = "sha256:378bec5c66998815d224c9ca994f1e14c0c21cb95d2f52b6021cc0b2a58f2a5a", size = 1917869 },
    { url = "https://files.pythonhosted.org/packages/6e/6a/30d94a9674a7fe4f4744052ed6c5e083424510be1e93da5bc47569d11810/pydantic_core-2.41.5-cp311-cp311-manylinux_2_17_armv7l.manylinux2014_armv7l.whl", hash = "sha256:e7b576130c69225432866fe2f4a469a85a54ade141d96fd396dffcf607b558f8", size = 2063890 },
    { url = "https://files.pythonhosted.org/packages/50/be/76e5d46203fcb2750e542f32e6c371ffa9b8ad17364cf94bb0818dbfb50c/pydantic_core-2.41.5-cp311-cp311-manylinux_2_17_ppc64le.manylinux2014_ppc64le.whl", hash = "sha256:6cb58b9c66f7e4179a2d5e0f849c48eff5c1fca560994d6eb6543abf955a149e", size = 2229740 },
    { url = "https://files.pythonhosted.org/packages/d3/ee/fed784df0144793489f87db310a6bbf8118d7b630ed07aa180d6067e653a/pydantic_core-2.41.5-cp311-cp311-manylinux_2_17_s390x.manylinux2014_s390x.whl", hash = "sha256:88942d3a3dff3afc8288c21e565e476fc278902ae4d6d134f1eeda118cc830b1", size = 2350021 },
    { url = "https://files.pythonhosted.org/packages/c8/be/8fed28dd0a180dca19e72c233cbf58efa36df055e5b9d90d64fd1740b828/pydantic_core-2.41.5-cp311-cp311-manylinux_2_17_x86_64.manylinux2014_x86_64.whl", hash = "sha256:f31d95a179f8d64d90f6831d71fa93290893a33148d890ba15de25642c5d075b", size = 2066378 },
    { url = "https://files.pythonhosted.org/packages/b0/3b/698cf8ae1d536a010e05121b4958b1257f0b5522085e335360e53a6b1c8b/pydantic_core-2.41.5-cp311-cp311-manylinux_2_5_i686.manylinux1_i686.whl", hash = "sha256:c1df3d34aced70add6f867a8cf413e299177e0c22660cc767218373d0779487b", size = 2175761 },
    { url = "https://files.pythonhosted.org/packages/b8/ba/15d537423939553116dea94ce02f9c31be0fa9d0b806d427e0308ec17145/pydantic_core-2.41.5-cp311-cp311-musllinux_1_1_aarch64.whl", hash = "sha256:4009935984bd36bd2c774e13f9a09563ce8de4abaa7226f5108262fa3e637284", size = 2146303 },
    { url = "https://files.pythonhosted.org/packages/58/7f/0de669bf37d206723795f9c90c82966726a2ab06c336deba4735b55af431/pydantic_core-2.41.5-cp311-cp311-musllinux_1_1_armv7l.whl", hash = "sha256:34a64bc3441dc1213096a20fe27e8e128bd3ff89921706e83c0b1ac971276594", size = 2340355 },
    { url = "https://files.pythonhosted.org/packages/e5/de/e7482c435b83d7e3c3ee5ee4451f6e8973cff0eb6007d2872ce6383f6398/pydantic_core-2.41.5-cp311-cp311-musllinux_1_1_x86_64.whl", hash = "sha256:c9e19dd6e28fdcaa5a1de679aec4141f691023916427ef9bae8584f9c2fb3b0e", size = 2319875 },
    { url = "https://files.pythonhosted.org/packages/fe/e6/8c9e81bb6dd7560e33b9053351c29f30c8194b72f2d6932888581f503482/pydantic_core-2.41.5-cp311-cp311-win32.whl", hash = "sha256:2c010c6ded393148374c0f6f0bf89d206bf3217f201faa0635dcd56bd1520f6b", size = 1987549 },
    { url = "https://files.pythonhosted.org/packages/11/66/f14d1d978ea94d1bc21fc98fcf570f9542fe55bfcc40269d4e1a21c19bf7/pydantic_core-2.41.5-cp311-cp311-win_amd64.whl", hash = "sha256:76ee27c6e9c7f16f47db7a94157112a2f3a00e958bc626e2f4ee8bec5c328fbe", size = 2011305 },
    { url = "https://files.pythonhosted.org/packages/56/d8/0e271434e8efd03186c5386671328154ee349ff0354d83c74f5caaf096ed/pydantic_core-2.41.5-cp311-cp311-win_arm64.whl", hash = "sha256:4bc36bbc0b7584de96561184ad7f012478987882ebf9f9c389b23f432ea3d90f", size = 1972902 },
    { url = "https://files.pythonhosted.org/packages/5f/9b/1b3f0e9f9305839d7e84912f9e8bfbd191ed1b1ef48083609f0dabde978c/pydantic_core-2.41.5-pp311-pypy311_pp73-macosx_10_12_x86_64.whl", hash = "sha256:b2379fa7ed44ddecb5bfe4e48577d752db9fc10be00a6b7446e9663ba143de26", size = 2101980 },
    { url = "https://files.pythonhosted.org/packages/a4/ed/d71fefcb4263df0da6a85b5d8a7508360f2f2e9b3bf5814be9c8bccdccc1/pydantic_core-2.41.5-pp311-pypy311_pp73-macosx_11_0_arm64.whl", hash = "sha256:266fb4cbf5e3cbd0b53669a6d1b039c45e3ce651fd5442eff4d07c2cc8d66808", size = 1923865 },
    { url = "https://files.pythonhosted.org/packages/ce/3a/626b38db460d675f873e4444b4bb030453bbe7b4ba55df821d026a0493c4/pydantic_core-2.41.5-pp311-pypy311_pp73-manylinux_2_17_x86_64.manylinux2014_x86_64.whl", hash = "sha256:58133647260ea01e4d0500089a8c4f07bd7aa6ce109682b1426394988d8aaacc", size = 2134256 },
    { url = "https://files.pythonhosted.org/packages/83/d9/8412d7f06f616bbc053d30cb4e5f76786af3221462ad5eee1f202021eb4e/pydantic_core-2.41.5-pp311-pypy311_pp73-manylinux_2_5_i686.manylinux1_i686.whl", hash = "sha256:287dad91cfb551c363dc62899a80e9e14da1f0e2b6ebde82c806612ca2a13ef1", size = 2174762 },
    { url = "https://files.pythonhosted.org/packages/55/4c/162d906b8e3ba3a99354e20faa1b49a85206c47de97a639510a0e673f5da/pydantic_core-2.41.5-pp311-pypy311_pp73-musllinux_1_1_aarch64.whl", hash = "sha256:03b77d184b9eb40240ae9fd676ca364ce1085f203e1b1256f8ab9984dca80a84", size = 2143141 },
    { url = "https://files.pythonhosted.org/packages/1f/f2/f11dd73284122713f5f89fc940f370d035fa8e1e078d446b3313955157fe/pydantic_core-2.41.5-pp311-pypy311_pp73-musllinux_1_1_armv7l.whl", hash = "sha256:a668ce24de96165bb239160b3d854943128f4334822900534f2fe947930e5770", size = 2330317 },
    { url = "https://files.pythonhosted.org/packages/88/9d/b06ca6acfe4abb296110fb1273a4d848a0bfb2ff65f3ee92127b3244e16b/pydantic_core-2.41.5-pp311-pypy311_pp73-musllinux_1_1_x86_64.whl", hash = "sha256:f14f8f046c14563f8eb3f45f499cc658ab8d10072961e07225e507adb700e93f", size = 2316992 },
    { url = "https://files.pythonhosted.org/packages/36/c7/cfc8e811f061c841d7990b0201912c3556bfeb99cdcb7ed24adc8d6f8704/pydantic_core-2.41.5-pp311-pypy311_pp73-win_amd64.whl", hash = "sha256:56121965f7a4dc965bff783d70b907ddf3d57f6eba29b6d2e5dabfaf07799c51", size = 2145302 },
]

[[package]]
name = "python-dateutil"
version = "2.9.0.post0"
source = { registry = "https://pypi.org/simple" }
dependencies = [
    { name = "six" },
]
sdist = { url = "https://files.pythonhosted.org/packages/66/c0/0c8b6ad9f17a802ee498c46e004a0eb49bc148f2fd230864601a86dcf6db/python-dateutil-2.9.0.post0.tar.gz", hash = "sha256:37dd54208da7e1cd875388217d5e00ebd4179249f90fb72437e91a35459a0ad3", size = 342432 }
wheels = [
    { url = "https://files.pythonhosted.org/packages/ec/57/56b9bcc3c9c6a792fcbaf139543cee77261f3651ca9da0c93f5c1221264b/python_dateutil-2.9.0.post0-py2.py3-none-any.whl", hash = "sha256:a8b2bc7bffae282281c8140a97d3aa9c14da0b136dfe83f850eea9a5f7470427", size = 229892 },
]

[[package]]
name = "retry"
version = "0.9.2"
source = { registry = "https://pypi.org/simple" }
dependencies = [
    { name = "decorator" },
    { name = "py" },
]
sdist = { url = "https://files.pythonhosted.org/packages/9d/72/75d0b85443fbc8d9f38d08d2b1b67cc184ce35280e4a3813cda2f445f3a4/retry-0.9.2.tar.gz", hash = "sha256:f8bfa8b99b69c4506d6f5bd3b0aabf77f98cdb17f3c9fc3f5ca820033336fba4", size = 6448 }
wheels = [
    { url = "https://files.pythonhosted.org/packages/4b/0d/53aea75710af4528a25ed6837d71d117602b01946b307a3912cb3cfcbcba/retry-0.9.2-py2.py3-none-any.whl", hash = "sha256:ccddf89761fa2c726ab29391837d4327f819ea14d244c232a1d24c67a2f98606", size = 7986 },
]

[[package]]
name = "ruff"
version = "0.14.14"
source = { registry = "https://pypi.org/simple" }
sdist = { url = "https://files.pythonhosted.org/packages/2e/06/f71e3a86b2df0dfa2d2f72195941cd09b44f87711cb7fa5193732cb9a5fc/ruff-0.14.14.tar.gz", hash = "sha256:2d0f819c9a90205f3a867dbbd0be083bee9912e170fd7d9704cc8ae45824896b", size = 4515732 }
wheels = [
    { url = "https://files.pythonhosted.org/packages/d2/89/20a12e97bc6b9f9f68343952da08a8099c57237aef953a56b82711d55edd/ruff-0.14.14-py3-none-linux_armv6l.whl", hash = "sha256:7cfe36b56e8489dee8fbc777c61959f60ec0f1f11817e8f2415f429552846aed", size = 10467650 },
    { url = "https://files.pythonhosted.org/packages/a3/b1/c5de3fd2d5a831fcae21beda5e3589c0ba67eec8202e992388e4b17a6040/ruff-0.14.14-py3-none-macosx_10_12_x86_64.whl", hash = "sha256:6006a0082336e7920b9573ef8a7f52eec837add1265cc74e04ea8a4368cd704c", size = 10883245 },
    { url = "https://files.pythonhosted.org/packages/b8/7c/3c1db59a10e7490f8f6f8559d1db8636cbb13dccebf18686f4e3c9d7c772/ruff-0.14.14-py3-none-macosx_11_0_arm64.whl", hash = "sha256:026c1d25996818f0bf498636686199d9bd0d9d6341c9c2c3b62e2a0198b758de", size = 10231273 },
    { url = "https://files.pythonhosted.org/packages/a1/6e/5e0e0d9674be0f8581d1f5e0f0a04761203affce3232c1a1189d0e3b4dad/ruff-0.14.14-py3-none-manylinux_2_17_aarch64.manylinux2014_aarch64.whl", hash = "sha256:f666445819d31210b71e0a6d1c01e24447a20b85458eea25a25fe8142210ae0e", size = 10585753 },
    { url = "https://files.pythonhosted.org/packages/23/09/754ab09f46ff1884d422dc26d59ba18b4e5d355be147721bb2518aa2a014/ruff-0.14.14-py3-none-manylinux_2_17_armv7l.manylinux2014_armv7l.whl", hash = "sha256:3c0f18b922c6d2ff9a5e6c3ee16259adc513ca775bcf82c67ebab7cbd9da5bc8", size = 10286052 },
    { url = "https://files.pythonhosted.org/packages/c8/cc/e71f88dd2a12afb5f50733851729d6b571a7c3a35bfdb16c3035132675a0/ruff-0.14.14-py3-none-manylinux_2_17_i686.manylinux2014_i686.whl", hash = "sha256:1629e67489c2dea43e8658c3dba659edbfd87361624b4040d1df04c9740ae906", size = 11043637 },
    { url = "https://files.pythonhosted.org/packages/67/b2/397245026352494497dac935d7f00f1468c03a23a0c5db6ad8fc49ca3fb2/ruff-0.14.14-py3-none-manylinux_2_17_ppc64.manylinux2014_ppc64.whl", hash = "sha256:27493a2131ea0f899057d49d303e4292b2cae2bb57253c1ed1f256fbcd1da480", size = 12194761 },
    { url = "https://files.pythonhosted.org/packages/5b/06/06ef271459f778323112c51b7587ce85230785cd64e91772034ddb88f200/ruff-0.14.14-py3-none-manylinux_2_17_ppc64le.manylinux2014_ppc64le.whl", hash = "sha256:01ff589aab3f5b539e35db38425da31a57521efd1e4ad1ae08fc34dbe30bd7df", size = 12005701 },
    { url = "https://files.pythonhosted.org/packages/41/d6/99364514541cf811ccc5ac44362f88df66373e9fec1b9d1c4cc830593fe7/ruff-0.14.14-py3-none-manylinux_2_17_s390x.manylinux2014_s390x.whl", hash = "sha256:1cc12d74eef0f29f51775f5b755913eb523546b88e2d733e1d701fe65144e89b", size = 11282455 },
    { url = "https://files.pythonhosted.org/packages/ca/71/37daa46f89475f8582b7762ecd2722492df26421714a33e72ccc9a84d7a5/ruff-0.14.14-py3-none-manylinux_2_17_x86_64.manylinux2014_x86_64.whl", hash = "sha256:bb8481604b7a9e75eff53772496201690ce2687067e038b3cc31aaf16aa0b974", size = 11215882 },
    { url = "https://files.pythonhosted.org/packages/2c/10/a31f86169ec91c0705e618443ee74ede0bdd94da0a57b28e72db68b2dbac/ruff-0.14.14-py3-none-manylinux_2_31_riscv64.whl", hash = "sha256:14649acb1cf7b5d2d283ebd2f58d56b75836ed8c6f329664fa91cdea19e76e66", size = 11180549 },
    { url = "https://files.pythonhosted.org/packages/fd/1e/c723f20536b5163adf79bdd10c5f093414293cdf567eed9bdb7b83940f3f/ruff-0.14.14-py3-none-musllinux_1_2_aarch64.whl", hash = "sha256:e8058d2145566510790eab4e2fad186002e288dec5e0d343a92fe7b0bc1b3e13", size = 10543416 },
    { url = "https://files.pythonhosted.org/packages/3e/34/8a84cea7e42c2d94ba5bde1d7a4fae164d6318f13f933d92da6d7c2041ff/ruff-0.14.14-py3-none-musllinux_1_2_armv7l.whl", hash = "sha256:e651e977a79e4c758eb807f0481d673a67ffe53cfa92209781dfa3a996cf8412", size = 10285491 },
    { url = "https://files.pythonhosted.org/packages/55/ef/b7c5ea0be82518906c978e365e56a77f8de7678c8bb6651ccfbdc178c29f/ruff-0.14.14-py3-none-musllinux_1_2_i686.whl", hash = "sha256:cc8b22da8d9d6fdd844a68ae937e2a0adf9b16514e9a97cc60355e2d4b219fc3", size = 10733525 },
    { url = "https://files.pythonhosted.org/packages/6a/5b/aaf1dfbcc53a2811f6cc0a1759de24e4b03e02ba8762daabd9b6bd8c59e3/ruff-0.14.14-py3-none-musllinux_1_2_x86_64.whl", hash = "sha256:16bc890fb4cc9781bb05beb5ab4cd51be9e7cb376bf1dd3580512b24eb3fda2b", size = 11315626 },
    { url = "https://files.pythonhosted.org/packages/2c/aa/9f89c719c467dfaf8ad799b9bae0df494513fb21d31a6059cb5870e57e74/ruff-0.14.14-py3-none-win32.whl", hash = "sha256:b530c191970b143375b6a68e6f743800b2b786bbcf03a7965b06c4bf04568167", size = 10502442 },
    { url = "https://files.pythonhosted.org/packages/87/44/90fa543014c45560cae1fffc63ea059fb3575ee6e1cb654562197e5d16fb/ruff-0.14.14-py3-none-win_amd64.whl", hash = "sha256:3dde1435e6b6fe5b66506c1dff67a421d0b7f6488d466f651c07f4cab3bf20fd", size = 11630486 },
    { url = "https://files.pythonhosted.org/packages/9e/6a/40fee331a52339926a92e17ae748827270b288a35ef4a15c9c8f2ec54715/ruff-0.14.14-py3-none-win_arm64.whl", hash = "sha256:56e6981a98b13a32236a72a8da421d7839221fa308b223b9283312312e5ac76c", size = 10920448 },
]

[[package]]
name = "s3transfer"
version = "0.16.0"
source = { registry = "https://pypi.org/simple" }
dependencies = [
    { name = "botocore" },
]
sdist = { url = "https://files.pythonhosted.org/packages/05/04/74127fc843314818edfa81b5540e26dd537353b123a4edc563109d8f17dd/s3transfer-0.16.0.tar.gz", hash = "sha256:8e990f13268025792229cd52fa10cb7163744bf56e719e0b9cb925ab79abf920", size = 153827 }
wheels = [
    { url = "https://files.pythonhosted.org/packages/fc/51/727abb13f44c1fcf6d145979e1535a35794db0f6e450a0cb46aa24732fe2/s3transfer-0.16.0-py3-none-any.whl", hash = "sha256:18e25d66fed509e3868dc1572b3f427ff947dd2c56f844a5bf09481ad3f3b2fe", size = 86830 },
]

[[package]]
name = "shapely"
version = "2.1.2"
source = { registry = "https://pypi.org/simple" }
dependencies = [
    { name = "numpy" },
]
sdist = { url = "https://files.pythonhosted.org/packages/4d/bc/0989043118a27cccb4e906a46b7565ce36ca7b57f5a18b78f4f1b0f72d9d/shapely-2.1.2.tar.gz", hash = "sha256:2ed4ecb28320a433db18a5bf029986aa8afcfd740745e78847e330d5d94922a9", size = 315489 }
wheels = [
    { url = "https://files.pythonhosted.org/packages/8f/8d/1ff672dea9ec6a7b5d422eb6d095ed886e2e523733329f75fdcb14ee1149/shapely-2.1.2-cp311-cp311-macosx_10_9_x86_64.whl", hash = "sha256:91121757b0a36c9aac3427a651a7e6567110a4a67c97edf04f8d55d4765f6618", size = 1820038 },
    { url = "https://files.pythonhosted.org/packages/4f/ce/28fab8c772ce5db23a0d86bf0adaee0c4c79d5ad1db766055fa3dab442e2/shapely-2.1.2-cp311-cp311-macosx_11_0_arm64.whl", hash = "sha256:16a9c722ba774cf50b5d4541242b4cce05aafd44a015290c82ba8a16931ff63d", size = 1626039 },
    { url = "https://files.pythonhosted.org/packages/70/8b/868b7e3f4982f5006e9395c1e12343c66a8155c0374fdc07c0e6a1ab547d/shapely-2.1.2-cp311-cp311-manylinux2014_aarch64.manylinux_2_17_aarch64.whl", hash = "sha256:cc4f7397459b12c0b196c9efe1f9d7e92463cbba142632b4cc6d8bbbbd3e2b09", size = 3001519 },
    { url = "https://files.pythonhosted.org/packages/13/02/58b0b8d9c17c93ab6340edd8b7308c0c5a5b81f94ce65705819b7416dba5/shapely-2.1.2-cp311-cp311-manylinux2014_x86_64.manylinux_2_17_x86_64.whl", hash = "sha256:136ab87b17e733e22f0961504d05e77e7be8c9b5a8184f685b4a91a84efe3c26", size = 3110842 },
    { url = "https://files.pythonhosted.org/packages/af/61/8e389c97994d5f331dcffb25e2fa761aeedfb52b3ad9bcdd7b8671f4810a/shapely-2.1.2-cp311-cp311-musllinux_1_2_aarch64.whl", hash = "sha256:16c5d0fc45d3aa0a69074979f4f1928ca2734fb2e0dde8af9611e134e46774e7", size = 4021316 },
    { url = "https://files.pythonhosted.org/packages/d3/d4/9b2a9fe6039f9e42ccf2cb3e84f219fd8364b0c3b8e7bbc857b5fbe9c14c/shapely-2.1.2-cp311-cp311-musllinux_1_2_x86_64.whl", hash = "sha256:6ddc759f72b5b2b0f54a7e7cde44acef680a55019eb52ac63a7af2cf17cb9cd2", size = 4178586 },
    { url = "https://files.pythonhosted.org/packages/16/f6/9840f6963ed4decf76b08fd6d7fed14f8779fb7a62cb45c5617fa8ac6eab/shapely-2.1.2-cp311-cp311-win32.whl", hash = "sha256:2fa78b49485391224755a856ed3b3bd91c8455f6121fee0db0e71cefb07d0ef6", size = 1543961 },
    { url = "https://files.pythonhosted.org/packages/38/1e/3f8ea46353c2a33c1669eb7327f9665103aa3a8dfe7f2e4ef714c210b2c2/shapely-2.1.2-cp311-cp311-win_amd64.whl", hash = "sha256:c64d5c97b2f47e3cd9b712eaced3b061f2b71234b3fc263e0fcf7d889c6559dc", size = 1722856 },
]

[[package]]
name = "six"
version = "1.17.0"
source = { registry = "https://pypi.org/simple" }
sdist = { url = "https://files.pythonhosted.org/packages/94/e7/b2c673351809dca68a0e064b6af791aa332cf192da575fd474ed7d6f16a2/six-1.17.0.tar.gz", hash = "sha256:ff70335d468e7eb6ec65b95b99d3a2836546063f63acc5171de367e834932a81", size = 34031 }
wheels = [
    { url = "https://files.pythonhosted.org/packages/b7/ce/149a00dd41f10bc29e5921b496af8b574d8413afcd5e30dfa0ed46c2cc5e/six-1.17.0-py2.py3-none-any.whl", hash = "sha256:4721f391ed90541fddacab5acf947aa0d3dc7d27b2e1e8eda2be8970586c3274", size = 11050 },
]

[[package]]
name = "typing-extensions"
version = "4.15.0"
source = { registry = "https://pypi.org/simple" }
sdist = { url = "https://files.pythonhosted.org/packages/72/94/1a15dd82efb362ac84269196e94cf00f187f7ed21c242792a923cdb1c61f/typing_extensions-4.15.0.tar.gz", hash = "sha256:0cea48d173cc12fa28ecabc3b837ea3cf6f38c6d1136f85cbaaf598984861466", size = 109391 }
wheels = [
    { url = "https://files.pythonhosted.org/packages/18/67/36e9267722cc04a6b9f15c7f3441c2363321a3ea07da7ae0c0707beb2a9c/typing_extensions-4.15.0-py3-none-any.whl", hash = "sha256:f0fa19c6845758ab08074a0cfa8b7aecb71c999ca73d62883bc25cc018c4e548", size = 44614 },
]

[[package]]
name = "typing-inspection"
version = "0.4.2"
source = { registry = "https://pypi.org/simple" }
dependencies = [
    { name = "typing-extensions" },
]
sdist = { url = "https://files.pythonhosted.org/packages/55/e3/70399cb7dd41c10ac53367ae42139cf4b1ca5f36bb3dc6c9d33acdb43655/typing_inspection-0.4.2.tar.gz", hash = "sha256:ba561c48a67c5958007083d386c3295464928b01faa735ab8547c5692e87f464", size = 75949 }
wheels = [
    { url = "https://files.pythonhosted.org/packages/dc/9b/47798a6c91d8bdb567fe2698fe81e0c6b7cb7ef4d13da4114b41d239f65d/typing_inspection-0.4.2-py3-none-any.whl", hash = "sha256:4ed1cacbdc298c220f1bd249ed5287caa16f34d44ef4e9c3d0cbad5b521545e7", size = 14611 },
]

[[package]]
name = "urllib3"
version = "2.6.3"
source = { registry = "https://pypi.org/simple" }
sdist = { url = "https://files.pythonhosted.org/packages/c7/24/5f1b3bdffd70275f6661c76461e25f024d5a38a46f04aaca912426a2b1d3/urllib3-2.6.3.tar.gz", hash = "sha256:1b62b6884944a57dbe321509ab94fd4d3b307075e0c2eae991ac71ee15ad38ed", size = 435556 }
wheels = [
    { url = "https://files.pythonhosted.org/packages/39/08/aaaad47bc4e9dc8c725e68f9d04865dbcb2052843ff09c97b08904852d84/urllib3-2.6.3-py3-none-any.whl", hash = "sha256:bf272323e553dfb2e87d9bfd225ca7b0f467b919d7bbd355436d3fd37cb0acd4", size = 131584 },
]

[[package]]
name = "uuid6"
version = "2025.0.1"
source = { registry = "https://pypi.org/simple" }
sdist = { url = "https://files.pythonhosted.org/packages/ca/b7/4c0f736ca824b3a25b15e8213d1bcfc15f8ac2ae48d1b445b310892dc4da/uuid6-2025.0.1.tar.gz", hash = "sha256:cd0af94fa428675a44e32c5319ec5a3485225ba2179eefcf4c3f205ae30a81bd", size = 13932 }
wheels = [
    { url = "https://files.pythonhosted.org/packages/3d/b2/93faaab7962e2aa8d6e174afb6f76be2ca0ce89fde14d3af835acebcaa59/uuid6-2025.0.1-py3-none-any.whl", hash = "sha256:80530ce4d02a93cdf82e7122ca0da3ebbbc269790ec1cb902481fa3e9cc9ff99", size = 6979 },
]
